
Microsoft Visual Studio Solution File, Format Version 12.00
# Visual Studio Version 17
VisualStudioVersion = 17.4.33213.308
MinimumVisualStudioVersion = 10.0.40219.1
Project("{FAE04EC0-301F-11D3-BF4B-00C04F79EFBC}") = "Practicas Excepciones", "Practicas Excepciones.csproj", "{E72BA522-BD65-4B76-B84D-14E881D74EFF}"
EndProject
Global
	GlobalSection(SolutionConfigurationPlatforms) = preSolution
		Debug|Any CPU = Debug|Any CPU
		Release|Any CPU = Release|Any CPU
	EndGlobalSection
	GlobalSection(ProjectConfigurationPlatforms) = postSolution
		{E72BA522-BD65-4B76-B84D-14E881D74EFF}.Debug|Any CPU.ActiveCfg = Debug|Any CPU
		{E72BA522-BD65-4B76-B84D-14E881D74EFF}.Debug|Any CPU.Build.0 = Debug|Any CPU
		{E72BA522-BD65-4B76-B84D-14E881D74EFF}.Release|Any CPU.ActiveCfg = Release|Any CPU
		{E72BA522-BD65-4B76-B84D-14E881D74EFF}.Release|Any CPU.Build.0 = Release|Any CPU
	EndGlobalSection
	GlobalSection(SolutionProperties) = preSolution
		HideSolutionNode = FALSE
	EndGlobalSection
	GlobalSection(ExtensibilityGlobals) = postSolution
		SolutionGuid = {A964A00B-42DD-4D62-80A0-9612639A73A9}
	EndGlobalSection
EndGlobal
